// !$*UTF8*$!
{
	archiveVersion = 1;
	classes = {
	};
	objectVersion = 46;
	objects = {

/* Begin PBXBuildFile section */
		2E381AA518FC389100D20B6A /* Foundation.framework in Frameworks */ = {isa = PBXBuildFile; fileRef = 2E381AA418FC389100D20B6A /* Foundation.framework */; };
		2E381AA718FC389100D20B6A /* CoreGraphics.framework in Frameworks */ = {isa = PBXBuildFile; fileRef = 2E381AA618FC389100D20B6A /* CoreGraphics.framework */; };
		2E381AA918FC389100D20B6A /* UIKit.framework in Frameworks */ = {isa = PBXBuildFile; fileRef = 2E381AA818FC389100D20B6A /* UIKit.framework */; };
		2E381AAF18FC389100D20B6A /* InfoPlist.strings in Resources */ = {isa = PBXBuildFile; fileRef = 2E381AAD18FC389100D20B6A /* InfoPlist.strings */; };
		2E381AB118FC389100D20B6A /* main.m in Sources */ = {isa = PBXBuildFile; fileRef = 2E381AB018FC389100D20B6A /* main.m */; };
		2E381AB518FC389100D20B6A /* ASAppDelegate.m in Sources */ = {isa = PBXBuildFile; fileRef = 2E381AB418FC389100D20B6A /* ASAppDelegate.m */; };
		2E381ABB18FC389100D20B6A /* ASViewController.m in Sources */ = {isa = PBXBuildFile; fileRef = 2E381ABA18FC389100D20B6A /* ASViewController.m */; };
		2E381ABD18FC389100D20B6A /* Images.xcassets in Resources */ = {isa = PBXBuildFile; fileRef = 2E381ABC18FC389100D20B6A /* Images.xcassets */; };
		2E381AC418FC389100D20B6A /* XCTest.framework in Frameworks */ = {isa = PBXBuildFile; fileRef = 2E381AC318FC389100D20B6A /* XCTest.framework */; };
		2E381AC518FC389100D20B6A /* Foundation.framework in Frameworks */ = {isa = PBXBuildFile; fileRef = 2E381AA418FC389100D20B6A /* Foundation.framework */; };
		2E381AC618FC389100D20B6A /* UIKit.framework in Frameworks */ = {isa = PBXBuildFile; fileRef = 2E381AA818FC389100D20B6A /* UIKit.framework */; };
		2E381ACE18FC389100D20B6A /* InfoPlist.strings in Resources */ = {isa = PBXBuildFile; fileRef = 2E381ACC18FC389100D20B6A /* InfoPlist.strings */; };
		2E381AD018FC389100D20B6A /* ASTextViewDemoTests.m in Sources */ = {isa = PBXBuildFile; fileRef = 2E381ACF18FC389100D20B6A /* ASTextViewDemoTests.m */; };
		2E381ADD18FC38FE00D20B6A /* ASViewController.xib in Resources */ = {isa = PBXBuildFile; fileRef = 2E381ADB18FC38FE00D20B6A /* ASViewController.xib */; };
		2E381AF218FC3A2600D20B6A /* ASTextField.m in Sources */ = {isa = PBXBuildFile; fileRef = 2E381AE418FC3A2600D20B6A /* ASTextField.m */; };
		2E381B0018FC3B4B00D20B6A /* Application.xib in Resources */ = {isa = PBXBuildFile; fileRef = 2E381AFF18FC3B4B00D20B6A /* Application.xib */; };
		2EE49308190FF60100E6DD30 /* round_textfield.png in Resources */ = {isa = PBXBuildFile; fileRef = 2EE492FD190FF60100E6DD30 /* round_textfield.png */; };
		2EE49309190FF60100E6DD30 /* round_textfield@2x.png in Resources */ = {isa = PBXBuildFile; fileRef = 2EE492FE190FF60100E6DD30 /* round_textfield@2x.png */; };
		2EE4930A190FF60100E6DD30 /* text_field.png in Resources */ = {isa = PBXBuildFile; fileRef = 2EE492FF190FF60100E6DD30 /* text_field.png */; };
		2EE4930B190FF60100E6DD30 /* text_field@2x.png in Resources */ = {isa = PBXBuildFile; fileRef = 2EE49300190FF60100E6DD30 /* text_field@2x.png */; };
		2EE4930C190FF60100E6DD30 /* password_icon.png in Resources */ = {isa = PBXBuildFile; fileRef = 2EE49302190FF60100E6DD30 /* password_icon.png */; };
		2EE4930D190FF60100E6DD30 /* password_icon@2x.png in Resources */ = {isa = PBXBuildFile; fileRef = 2EE49303190FF60100E6DD30 /* password_icon@2x.png */; };
		2EE4930E190FF60100E6DD30 /* user_name_icon.png in Resources */ = {isa = PBXBuildFile; fileRef = 2EE49304190FF60100E6DD30 /* user_name_icon.png */; };
		2EE4930F190FF60100E6DD30 /* user_name_icon@2x.png in Resources */ = {isa = PBXBuildFile; fileRef = 2EE49305190FF60100E6DD30 /* user_name_icon@2x.png */; };
		2EE49310190FF60100E6DD30 /* login_button.png in Resources */ = {isa = PBXBuildFile; fileRef = 2EE49306190FF60100E6DD30 /* login_button.png */; };
		2EE49311190FF60100E6DD30 /* login_button@2x.png in Resources */ = {isa = PBXBuildFile; fileRef = 2EE49307190FF60100E6DD30 /* login_button@2x.png */; };
/* End PBXBuildFile section */

/* Begin PBXContainerItemProxy section */
		2E381AC718FC389100D20B6A /* PBXContainerItemProxy */ = {
			isa = PBXContainerItemProxy;
			containerPortal = 2E381A9918FC389100D20B6A /* Project object */;
			proxyType = 1;
			remoteGlobalIDString = 2E381AA018FC389100D20B6A;
			remoteInfo = ASTextViewDemo;
		};
/* End PBXContainerItemProxy section */

/* Begin PBXFileReference section */
		2E381AA118FC389100D20B6A /* ASTextViewDemo.app */ = {isa = PBXFileReference; explicitFileType = wrapper.application; includeInIndex = 0; path = ASTextViewDemo.app; sourceTree = BUILT_PRODUCTS_DIR; };
		2E381AA418FC389100D20B6A /* Foundation.framework */ = {isa = PBXFileReference; lastKnownFileType = wrapper.framework; name = Foundation.framework; path = System/Library/Frameworks/Foundation.framework; sourceTree = SDKROOT; };
		2E381AA618FC389100D20B6A /* CoreGraphics.framework */ = {isa = PBXFileReference; lastKnownFileType = wrapper.framework; name = CoreGraphics.framework; path = System/Library/Frameworks/CoreGraphics.framework; sourceTree = SDKROOT; };
		2E381AA818FC389100D20B6A /* UIKit.framework */ = {isa = PBXFileReference; lastKnownFileType = wrapper.framework; name = UIKit.framework; path = System/Library/Frameworks/UIKit.framework; sourceTree = SDKROOT; };
		2E381AAC18FC389100D20B6A /* ASTextViewDemo-Info.plist */ = {isa = PBXFileReference; lastKnownFileType = text.plist.xml; path = "ASTextViewDemo-Info.plist"; sourceTree = "<group>"; };
		2E381AAE18FC389100D20B6A /* en */ = {isa = PBXFileReference; lastKnownFileType = text.plist.strings; name = en; path = en.lproj/InfoPlist.strings; sourceTree = "<group>"; };
		2E381AB018FC389100D20B6A /* main.m */ = {isa = PBXFileReference; lastKnownFileType = sourcecode.c.objc; path = main.m; sourceTree = "<group>"; };
		2E381AB218FC389100D20B6A /* ASTextViewDemo-Prefix.pch */ = {isa = PBXFileReference; lastKnownFileType = sourcecode.c.h; path = "ASTextViewDemo-Prefix.pch"; sourceTree = "<group>"; };
		2E381AB318FC389100D20B6A /* ASAppDelegate.h */ = {isa = PBXFileReference; lastKnownFileType = sourcecode.c.h; path = ASAppDelegate.h; sourceTree = "<group>"; };
		2E381AB418FC389100D20B6A /* ASAppDelegate.m */ = {isa = PBXFileReference; lastKnownFileType = sourcecode.c.objc; path = ASAppDelegate.m; sourceTree = "<group>"; };
		2E381AB918FC389100D20B6A /* ASViewController.h */ = {isa = PBXFileReference; lastKnownFileType = sourcecode.c.h; path = ASViewController.h; sourceTree = "<group>"; };
		2E381ABA18FC389100D20B6A /* ASViewController.m */ = {isa = PBXFileReference; lastKnownFileType = sourcecode.c.objc; path = ASViewController.m; sourceTree = "<group>"; };
		2E381ABC18FC389100D20B6A /* Images.xcassets */ = {isa = PBXFileReference; lastKnownFileType = folder.assetcatalog; path = Images.xcassets; sourceTree = "<group>"; };
		2E381AC218FC389100D20B6A /* ASTextViewDemoTests.xctest */ = {isa = PBXFileReference; explicitFileType = wrapper.cfbundle; includeInIndex = 0; path = ASTextViewDemoTests.xctest; sourceTree = BUILT_PRODUCTS_DIR; };
		2E381AC318FC389100D20B6A /* XCTest.framework */ = {isa = PBXFileReference; lastKnownFileType = wrapper.framework; name = XCTest.framework; path = Library/Frameworks/XCTest.framework; sourceTree = DEVELOPER_DIR; };
		2E381ACB18FC389100D20B6A /* ASTextViewDemoTests-Info.plist */ = {isa = PBXFileReference; lastKnownFileType = text.plist.xml; path = "ASTextViewDemoTests-Info.plist"; sourceTree = "<group>"; };
		2E381ACD18FC389100D20B6A /* en */ = {isa = PBXFileReference; lastKnownFileType = text.plist.strings; name = en; path = en.lproj/InfoPlist.strings; sourceTree = "<group>"; };
		2E381ACF18FC389100D20B6A /* ASTextViewDemoTests.m */ = {isa = PBXFileReference; lastKnownFileType = sourcecode.c.objc; path = ASTextViewDemoTests.m; sourceTree = "<group>"; };
		2E381ADB18FC38FE00D20B6A /* ASViewController.xib */ = {isa = PBXFileReference; fileEncoding = 4; lastKnownFileType = file.xib; path = ASViewController.xib; sourceTree = "<group>"; };
		2E381AE318FC3A2600D20B6A /* ASTextField.h */ = {isa = PBXFileReference; fileEncoding = 4; lastKnownFileType = sourcecode.c.h; path = ASTextField.h; sourceTree = "<group>"; };
		2E381AE418FC3A2600D20B6A /* ASTextField.m */ = {isa = PBXFileReference; fileEncoding = 4; lastKnownFileType = sourcecode.c.objc; path = ASTextField.m; sourceTree = "<group>"; };
		2E381AFF18FC3B4B00D20B6A /* Application.xib */ = {isa = PBXFileReference; fileEncoding = 4; lastKnownFileType = file.xib; path = Application.xib; sourceTree = "<group>"; };
		2EE492FD190FF60100E6DD30 /* round_textfield.png */ = {isa = PBXFileReference; lastKnownFileType = image.png; path = round_textfield.png; sourceTree = "<group>"; };
		2EE492FE190FF60100E6DD30 /* round_textfield@2x.png */ = {isa = PBXFileReference; lastKnownFileType = image.png; path = "round_textfield@2x.png"; sourceTree = "<group>"; };
		2EE492FF190FF60100E6DD30 /* text_field.png */ = {isa = PBXFileReference; lastKnownFileType = image.png; path = text_field.png; sourceTree = "<group>"; };
		2EE49300190FF60100E6DD30 /* text_field@2x.png */ = {isa = PBXFileReference; lastKnownFileType = image.png; path = "text_field@2x.png"; sourceTree = "<group>"; };
		2EE49302190FF60100E6DD30 /* password_icon.png */ = {isa = PBXFileReference; lastKnownFileType = image.png; path = password_icon.png; sourceTree = "<group>"; };
		2EE49303190FF60100E6DD30 /* password_icon@2x.png */ = {isa = PBXFileReference; lastKnownFileType = image.png; path = "password_icon@2x.png"; sourceTree = "<group>"; };
		2EE49304190FF60100E6DD30 /* user_name_icon.png */ = {isa = PBXFileReference; lastKnownFileType = image.png; path = user_name_icon.png; sourceTree = "<group>"; };
		2EE49305190FF60100E6DD30 /* user_name_icon@2x.png */ = {isa = PBXFileReference; lastKnownFileType = image.png; path = "user_name_icon@2x.png"; sourceTree = "<group>"; };
		2EE49306190FF60100E6DD30 /* login_button.png */ = {isa = PBXFileReference; lastKnownFileType = image.png; path = login_button.png; sourceTree = "<group>"; };
		2EE49307190FF60100E6DD30 /* login_button@2x.png */ = {isa = PBXFileReference; lastKnownFileType = image.png; path = "login_button@2x.png"; sourceTree = "<group>"; };
/* End PBXFileReference section */

/* Begin PBXFrameworksBuildPhase section */
		2E381A9E18FC389100D20B6A /* Frameworks */ = {
			isa = PBXFrameworksBuildPhase;
			buildActionMask = 2147483647;
			files = (
				2E381AA718FC389100D20B6A /* CoreGraphics.framework in Frameworks */,
				2E381AA918FC389100D20B6A /* UIKit.framework in Frameworks */,
				2E381AA518FC389100D20B6A /* Foundation.framework in Frameworks */,
			);
			runOnlyForDeploymentPostprocessing = 0;
		};
		2E381ABF18FC389100D20B6A /* Frameworks */ = {
			isa = PBXFrameworksBuildPhase;
			buildActionMask = 2147483647;
			files = (
				2E381AC418FC389100D20B6A /* XCTest.framework in Frameworks */,
				2E381AC618FC389100D20B6A /* UIKit.framework in Frameworks */,
				2E381AC518FC389100D20B6A /* Foundation.framework in Frameworks */,
			);
			runOnlyForDeploymentPostprocessing = 0;
		};
/* End PBXFrameworksBuildPhase section */

/* Begin PBXGroup section */
		2E381A9818FC389100D20B6A = {
			isa = PBXGroup;
			children = (
				2E381AAA18FC389100D20B6A /* ASTextViewDemo */,
				2E381AC918FC389100D20B6A /* ASTextViewDemoTests */,
				2E381AA318FC389100D20B6A /* Frameworks */,
				2E381AA218FC389100D20B6A /* Products */,
			);
			sourceTree = "<group>";
		};
		2E381AA218FC389100D20B6A /* Products */ = {
			isa = PBXGroup;
			children = (
				2E381AA118FC389100D20B6A /* ASTextViewDemo.app */,
				2E381AC218FC389100D20B6A /* ASTextViewDemoTests.xctest */,
			);
			name = Products;
			sourceTree = "<group>";
		};
		2E381AA318FC389100D20B6A /* Frameworks */ = {
			isa = PBXGroup;
			children = (
				2E381AA418FC389100D20B6A /* Foundation.framework */,
				2E381AA618FC389100D20B6A /* CoreGraphics.framework */,
				2E381AA818FC389100D20B6A /* UIKit.framework */,
				2E381AC318FC389100D20B6A /* XCTest.framework */,
			);
			name = Frameworks;
			sourceTree = "<group>";
		};
		2E381AAA18FC389100D20B6A /* ASTextViewDemo */ = {
			isa = PBXGroup;
			children = (
				2E381AE218FC3A2600D20B6A /* ASTextField */,
				2E381AB918FC389100D20B6A /* ASViewController.h */,
				2E381ABA18FC389100D20B6A /* ASViewController.m */,
				2E381ADB18FC38FE00D20B6A /* ASViewController.xib */,
				2E381AB318FC389100D20B6A /* ASAppDelegate.h */,
				2E381AB418FC389100D20B6A /* ASAppDelegate.m */,
				2E381AFF18FC3B4B00D20B6A /* Application.xib */,
				2E381AAB18FC389100D20B6A /* Supporting Files */,
			);
			path = ASTextViewDemo;
			sourceTree = "<group>";
		};
		2E381AAB18FC389100D20B6A /* Supporting Files */ = {
			isa = PBXGroup;
			children = (
				2E381ABC18FC389100D20B6A /* Images.xcassets */,
				2E381AAC18FC389100D20B6A /* ASTextViewDemo-Info.plist */,
				2E381AAD18FC389100D20B6A /* InfoPlist.strings */,
				2E381AB018FC389100D20B6A /* main.m */,
				2E381AB218FC389100D20B6A /* ASTextViewDemo-Prefix.pch */,
			);
			name = "Supporting Files";
			sourceTree = "<group>";
		};
		2E381AC918FC389100D20B6A /* ASTextViewDemoTests */ = {
			isa = PBXGroup;
			children = (
				2E381ACF18FC389100D20B6A /* ASTextViewDemoTests.m */,
				2E381ACA18FC389100D20B6A /* Supporting Files */,
			);
			path = ASTextViewDemoTests;
			sourceTree = "<group>";
		};
		2E381ACA18FC389100D20B6A /* Supporting Files */ = {
			isa = PBXGroup;
			children = (
				2E381ACB18FC389100D20B6A /* ASTextViewDemoTests-Info.plist */,
				2E381ACC18FC389100D20B6A /* InfoPlist.strings */,
			);
			name = "Supporting Files";
			sourceTree = "<group>";
		};
		2E381AE218FC3A2600D20B6A /* ASTextField */ = {
			isa = PBXGroup;
			children = (
				2E381AE318FC3A2600D20B6A /* ASTextField.h */,
				2E381AE418FC3A2600D20B6A /* ASTextField.m */,
				2EE492FB190FF60100E6DD30 /* Resources */,
			);
			path = ASTextField;
			sourceTree = "<group>";
		};
		2EE492FB190FF60100E6DD30 /* Resources */ = {
			isa = PBXGroup;
			children = (
				2EE492FC190FF60100E6DD30 /* backgrounds */,
				2EE49301190FF60100E6DD30 /* icon */,
				2EE49306190FF60100E6DD30 /* login_button.png */,
				2EE49307190FF60100E6DD30 /* login_button@2x.png */,
			);
			path = Resources;
			sourceTree = "<group>";
		};
		2EE492FC190FF60100E6DD30 /* backgrounds */ = {
			isa = PBXGroup;
			children = (
				2EE492FD190FF60100E6DD30 /* round_textfield.png */,
				2EE492FE190FF60100E6DD30 /* round_textfield@2x.png */,
				2EE492FF190FF60100E6DD30 /* text_field.png */,
				2EE49300190FF60100E6DD30 /* text_field@2x.png */,
			);
			path = backgrounds;
			sourceTree = "<group>";
		};
		2EE49301190FF60100E6DD30 /* icon */ = {
			isa = PBXGroup;
			children = (
				2EE49302190FF60100E6DD30 /* password_icon.png */,
				2EE49303190FF60100E6DD30 /* password_icon@2x.png */,
				2EE49304190FF60100E6DD30 /* user_name_icon.png */,
				2EE49305190FF60100E6DD30 /* user_name_icon@2x.png */,
			);
			path = icon;
			sourceTree = "<group>";
		};
/* End PBXGroup section */

/* Begin PBXNativeTarget section */
		2E381AA018FC389100D20B6A /* ASTextViewDemo */ = {
			isa = PBXNativeTarget;
			buildConfigurationList = 2E381AD318FC389100D20B6A /* Build configuration list for PBXNativeTarget "ASTextViewDemo" */;
			buildPhases = (
				2E381A9D18FC389100D20B6A /* Sources */,
				2E381A9E18FC389100D20B6A /* Frameworks */,
				2E381A9F18FC389100D20B6A /* Resources */,
			);
			buildRules = (
			);
			dependencies = (
			);
			name = ASTextViewDemo;
			productName = ASTextViewDemo;
			productReference = 2E381AA118FC389100D20B6A /* ASTextViewDemo.app */;
			productType = "com.apple.product-type.application";
		};
		2E381AC118FC389100D20B6A /* ASTextViewDemoTests */ = {
			isa = PBXNativeTarget;
			buildConfigurationList = 2E381AD618FC389100D20B6A /* Build configuration list for PBXNativeTarget "ASTextViewDemoTests" */;
			buildPhases = (
				2E381ABE18FC389100D20B6A /* Sources */,
				2E381ABF18FC389100D20B6A /* Frameworks */,
				2E381AC018FC389100D20B6A /* Resources */,
			);
			buildRules = (
			);
			dependencies = (
				2E381AC818FC389100D20B6A /* PBXTargetDependency */,
			);
			name = ASTextViewDemoTests;
			productName = ASTextViewDemoTests;
			productReference = 2E381AC218FC389100D20B6A /* ASTextViewDemoTests.xctest */;
			productType = "com.apple.product-type.bundle.unit-test";
		};
/* End PBXNativeTarget section */

/* Begin PBXProject section */
		2E381A9918FC389100D20B6A /* Project object */ = {
			isa = PBXProject;
			attributes = {
				CLASSPREFIX = AS;
				LastUpgradeCheck = 0500;
				ORGANIZATIONNAME = "Adil Soomro";
				TargetAttributes = {
					2E381AC118FC389100D20B6A = {
						TestTargetID = 2E381AA018FC389100D20B6A;
					};
				};
			};
			buildConfigurationList = 2E381A9C18FC389100D20B6A /* Build configuration list for PBXProject "ASTextViewDemo" */;
			compatibilityVersion = "Xcode 3.2";
			developmentRegion = English;
			hasScannedForEncodings = 0;
			knownRegions = (
				en,
				Base,
			);
			mainGroup = 2E381A9818FC389100D20B6A;
			productRefGroup = 2E381AA218FC389100D20B6A /* Products */;
			projectDirPath = "";
			projectRoot = "";
			targets = (
				2E381AA018FC389100D20B6A /* ASTextViewDemo */,
				2E381AC118FC389100D20B6A /* ASTextViewDemoTests */,
			);
		};
/* End PBXProject section */

/* Begin PBXResourcesBuildPhase section */
		2E381A9F18FC389100D20B6A /* Resources */ = {
			isa = PBXResourcesBuildPhase;
			buildActionMask = 2147483647;
			files = (
				2EE49311190FF60100E6DD30 /* login_button@2x.png in Resources */,
				2EE4930E190FF60100E6DD30 /* user_name_icon.png in Resources */,
				2EE4930D190FF60100E6DD30 /* password_icon@2x.png in Resources */,
				2EE4930C190FF60100E6DD30 /* password_icon.png in Resources */,
				2EE49310190FF60100E6DD30 /* login_button.png in Resources */,
				2EE49308190FF60100E6DD30 /* round_textfield.png in Resources */,
				2E381ABD18FC389100D20B6A /* Images.xcassets in Resources */,
				2E381B0018FC3B4B00D20B6A /* Application.xib in Resources */,
				2E381AAF18FC389100D20B6A /* InfoPlist.strings in Resources */,
				2EE4930A190FF60100E6DD30 /* text_field.png in Resources */,
				2E381ADD18FC38FE00D20B6A /* ASViewController.xib in Resources */,
				2EE4930F190FF60100E6DD30 /* user_name_icon@2x.png in Resources */,
				2EE4930B190FF60100E6DD30 /* text_field@2x.png in Resources */,
				2EE49309190FF60100E6DD30 /* round_textfield@2x.png in Resources */,
			);
			runOnlyForDeploymentPostprocessing = 0;
		};
		2E381AC018FC389100D20B6A /* Resources */ = {
			isa = PBXResourcesBuildPhase;
			buildActionMask = 2147483647;
			files = (
				2E381ACE18FC389100D20B6A /* InfoPlist.strings in Resources */,
			);
			runOnlyForDeploymentPostprocessing = 0;
		};
/* End PBXResourcesBuildPhase section */

/* Begin PBXSourcesBuildPhase section */
		2E381A9D18FC389100D20B6A /* Sources */ = {
			isa = PBXSourcesBuildPhase;
			buildActionMask = 2147483647;
			files = (
				2E381AB518FC389100D20B6A /* ASAppDelegate.m in Sources */,
				2E381ABB18FC389100D20B6A /* ASViewController.m in Sources */,
				2E381AF218FC3A2600D20B6A /* ASTextField.m in Sources */,
				2E381AB118FC389100D20B6A /* main.m in Sources */,
			);
			runOnlyForDeploymentPostprocessing = 0;
		};
		2E381ABE18FC389100D20B6A /* Sources */ = {
			isa = PBXSourcesBuildPhase;
			buildActionMask = 2147483647;
			files = (
				2E381AD018FC389100D20B6A /* ASTextViewDemoTests.m in Sources */,
			);
			runOnlyForDeploymentPostprocessing = 0;
		};
/* End PBXSourcesBuildPhase section */

/* Begin PBXTargetDependency section */
		2E381AC818FC389100D20B6A /* PBXTargetDependency */ = {
			isa = PBXTargetDependency;
			target = 2E381AA018FC389100D20B6A /* ASTextViewDemo */;
			targetProxy = 2E381AC718FC389100D20B6A /* PBXContainerItemProxy */;
		};
/* End PBXTargetDependency section */

/* Begin PBXVariantGroup section */
		2E381AAD18FC389100D20B6A /* InfoPlist.strings */ = {
			isa = PBXVariantGroup;
			children = (
				2E381AAE18FC389100D20B6A /* en */,
			);
			name = InfoPlist.strings;
			sourceTree = "<group>";
		};
		2E381ACC18FC389100D20B6A /* InfoPlist.strings */ = {
			isa = PBXVariantGroup;
			children = (
				2E381ACD18FC389100D20B6A /* en */,
			);
			name = InfoPlist.strings;
			sourceTree = "<group>";
		};
/* End PBXVariantGroup section */

/* Begin XCBuildConfiguration section */
		2E381AD118FC389100D20B6A /* Debug */ = {
			isa = XCBuildConfiguration;
			buildSettings = {
				ALWAYS_SEARCH_USER_PATHS = NO;
				ARCHS = "$(ARCHS_STANDARD_INCLUDING_64_BIT)";
				CLANG_CXX_LANGUAGE_STANDARD = "gnu++0x";
				CLANG_CXX_LIBRARY = "libc++";
				CLANG_ENABLE_MODULES = YES;
				CLANG_ENABLE_OBJC_ARC = YES;
				CLANG_WARN_BOOL_CONVERSION = YES;
				CLANG_WARN_CONSTANT_CONVERSION = YES;
				CLANG_WARN_DIRECT_OBJC_ISA_USAGE = YES_ERROR;
				CLANG_WARN_EMPTY_BODY = YES;
				CLANG_WARN_ENUM_CONVERSION = YES;
				CLANG_WARN_INT_CONVERSION = YES;
				CLANG_WARN_OBJC_ROOT_CLASS = YES_ERROR;
				CLANG_WARN__DUPLICATE_METHOD_MATCH = YES;
				"CODE_SIGN_IDENTITY[sdk=iphoneos*]" = "iPhone Developer";
				COPY_PHASE_STRIP = NO;
				GCC_C_LANGUAGE_STANDARD = gnu99;
				GCC_DYNAMIC_NO_PIC = NO;
				GCC_OPTIMIZATION_LEVEL = 0;
				GCC_PREPROCESSOR_DEFINITIONS = (
					"DEBUG=1",
					"$(inherited)",
				);
				GCC_SYMBOLS_PRIVATE_EXTERN = NO;
				GCC_WARN_64_TO_32_BIT_CONVERSION = YES;
				GCC_WARN_ABOUT_RETURN_TYPE = YES_ERROR;
				GCC_WARN_UNDECLARED_SELECTOR = YES;
				GCC_WARN_UNINITIALIZED_AUTOS = YES;
				GCC_WARN_UNUSED_FUNCTION = YES;
				GCC_WARN_UNUSED_VARIABLE = YES;
				IPHONEOS_DEPLOYMENT_TARGET = 7.0;
				ONLY_ACTIVE_ARCH = YES;
				SDKROOT = iphoneos;
			};
			name = Debug;
		};
		2E381AD218FC389100D20B6A /* Release */ = {
			isa = XCBuildConfiguration;
			buildSettings = {
				ALWAYS_SEARCH_USER_PATHS = NO;
				ARCHS = "$(ARCHS_STANDARD_INCLUDING_64_BIT)";
				CLANG_CXX_LANGUAGE_STANDARD = "gnu++0x";
				CLANG_CXX_LIBRARY = "libc++";
				CLANG_ENABLE_MODULES = YES;
				CLANG_ENABLE_OBJC_ARC = YES;
				CLANG_WARN_BOOL_CONVERSION = YES;
				CLANG_WARN_CONSTANT_CONVERSION = YES;
				CLANG_WARN_DIRECT_OBJC_ISA_USAGE = YES_ERROR;
				CLANG_WARN_EMPTY_BODY = YES;
				CLANG_WARN_ENUM_CONVERSION = YES;
				CLANG_WARN_INT_CONVERSION = YES;
				CLANG_WARN_OBJC_ROOT_CLASS = YES_ERROR;
				CLANG_WARN__DUPLICATE_METHOD_MATCH = YES;
				"CODE_SIGN_IDENTITY[sdk=iphoneos*]" = "iPhone Developer";
				COPY_PHASE_STRIP = YES;
				ENABLE_NS_ASSERTIONS = NO;
				GCC_C_LANGUAGE_STANDARD = gnu99;
				GCC_WARN_64_TO_32_BIT_CONVERSION = YES;
				GCC_WARN_ABOUT_RETURN_TYPE = YES_ERROR;
				GCC_WARN_UNDECLARED_SELECTOR = YES;
				GCC_WARN_UNINITIALIZED_AUTOS = YES;
				GCC_WARN_UNUSED_FUNCTION = YES;
				GCC_WARN_UNUSED_VARIABLE = YES;
				IPHONEOS_DEPLOYMENT_TARGET = 7.0;
				SDKROOT = iphoneos;
				VALIDATE_PRODUCT = YES;
			};
			name = Release;
		};
		2E381AD418FC389100D20B6A /* Debug */ = {
			isa = XCBuildConfiguration;
			buildSettings = {
				ASSETCATALOG_COMPILER_APPICON_NAME = AppIcon;
				ASSETCATALOG_COMPILER_LAUNCHIMAGE_NAME = LaunchImage;
				GCC_PRECOMPILE_PREFIX_HEADER = YES;
				GCC_PREFIX_HEADER = "ASTextViewDemo/ASTextViewDemo-Prefix.pch";
				INFOPLIST_FILE = "ASTextViewDemo/ASTextViewDemo-Info.plist";
				PRODUCT_NAME = "$(TARGET_NAME)";
				WRAPPER_EXTENSION = app;
			};
			name = Debug;
		};
		2E381AD518FC389100D20B6A /* Release */ = {
			isa = XCBuildConfiguration;
			buildSettings = {
				ASSETCATALOG_COMPILER_APPICON_NAME = AppIcon;
				ASSETCATALOG_COMPILER_LAUNCHIMAGE_NAME = LaunchImage;
				GCC_PRECOMPILE_PREFIX_HEADER = YES;
				GCC_PREFIX_HEADER = "ASTextViewDemo/ASTextViewDemo-Prefix.pch";
				INFOPLIST_FILE = "ASTextViewDemo/ASTextViewDemo-Info.plist";
				PRODUCT_NAME = "$(TARGET_NAME)";
				WRAPPER_EXTENSION = app;
			};
			name = Release;
		};
		2E381AD718FC389100D20B6A /* Debug */ = {
			isa = XCBuildConfiguration;
			buildSettings = {
				ARCHS = "$(ARCHS_STANDARD_INCLUDING_64_BIT)";
				BUNDLE_LOADER = "$(BUILT_PRODUCTS_DIR)/ASTextViewDemo.app/ASTextViewDemo";
				FRAMEWORK_SEARCH_PATHS = (
					"$(SDKROOT)/Developer/Library/Frameworks",
					"$(inherited)",
					"$(DEVELOPER_FRAMEWORKS_DIR)",
				);
				GCC_PRECOMPILE_PREFIX_HEADER = YES;
				GCC_PREFIX_HEADER = "ASTextViewDemo/ASTextViewDemo-Prefix.pch";
				GCC_PREPROCESSOR_DEFINITIONS = (
					"DEBUG=1",
					"$(inherited)",
				);
				INFOPLIST_FILE = "ASTextViewDemoTests/ASTextViewDemoTests-Info.plist";
				PRODUCT_NAME = "$(TARGET_NAME)";
				TEST_HOST = "$(BUNDLE_LOADER)";
				WRAPPER_EXTENSION = xctest;
			};
			name = Debug;
		};
		2E381AD818FC389100D20B6A /* Release */ = {
			isa = XCBuildConfiguration;
			buildSettings = {
				ARCHS = "$(ARCHS_STANDARD_INCLUDING_64_BIT)";
				BUNDLE_LOADER = "$(BUILT_PRODUCTS_DIR)/ASTextViewDemo.app/ASTextViewDemo";
				FRAMEWORK_SEARCH_PATHS = (
					"$(SDKROOT)/Developer/Library/Frameworks",
					"$(inherited)",
					"$(DEVELOPER_FRAMEWORKS_DIR)",
				);
				GCC_PRECOMPILE_PREFIX_HEADER = YES;
				GCC_PREFIX_HEADER = "ASTextViewDemo/ASTextViewDemo-Prefix.pch";
				INFOPLIST_FILE = "ASTextViewDemoTests/ASTextViewDemoTests-Info.plist";
				PRODUCT_NAME = "$(TARGET_NAME)";
				TEST_HOST = "$(BUNDLE_LOADER)";
				WRAPPER_EXTENSION = xctest;
			};
			name = Release;
		};
/* End XCBuildConfiguration section */

/* Begin XCConfigurationList section */
		2E381A9C18FC389100D20B6A /* Build configuration list for PBXProject "ASTextViewDemo" */ = {
			isa = XCConfigurationList;
			buildConfigurations = (
				2E381AD118FC389100D20B6A /* Debug */,
				2E381AD218FC389100D20B6A /* Release */,
			);
			defaultConfigurationIsVisible = 0;
			defaultConfigurationName = Release;
		};
		2E381AD318FC389100D20B6A /* Build configuration list for PBXNativeTarget "ASTextViewDemo" */ = {
			isa = XCConfigurationList;
			buildConfigurations = (
				2E381AD418FC389100D20B6A /* Debug */,
				2E381AD518FC389100D20B6A /* Release */,
			);
			defaultConfigurationIsVisible = 0;
			defaultConfigurationName = Release;
		};
		2E381AD618FC389100D20B6A /* Build configuration list for PBXNativeTarget "ASTextViewDemoTests" */ = {
			isa = XCConfigurationList;
			buildConfigurations = (
				2E381AD718FC389100D20B6A /* Debug */,
				2E381AD818FC389100D20B6A /* Release */,
			);
			defaultConfigurationIsVisible = 0;
			defaultConfigurationName = Release;
		};
/* End XCConfigurationList section */
	};
	rootObject = 2E381A9918FC389100D20B6A /* Project object */;
}
